
Microsoft Visual Studio Solution File, Format Version 12.00
# Visual Studio 2012
Project("{F184B08F-C81C-45F6-A57F-5ABD9991F28F}") = "MyERP Queue", "Queue\MyERP Queue.vbproj", "{12B3BBE4-1D35-41F7-8FDC-D2FE2E99D917}"
EndProject
Global
	GlobalSection(SolutionConfigurationPlatforms) = preSolution
		Debug|Any CPU = Debug|Any CPU
		Debug|Mixed Platforms = Debug|Mixed Platforms
		Debug|x86 = Debug|x86
		Release|Any CPU = Release|Any CPU
		Release|Mixed Platforms = Release|Mixed Platforms
		Release|x86 = Release|x86
	EndGlobalSection
	GlobalSection(ProjectConfigurationPlatforms) = postSolution
		{12B3BBE4-1D35-41F7-8FDC-D2FE2E99D917}.Debug|Any CPU.ActiveCfg = Debug|x86
		{12B3BBE4-1D35-41F7-8FDC-D2FE2E99D917}.Debug|Mixed Platforms.ActiveCfg = Debug|x86
		{12B3BBE4-1D35-41F7-8FDC-D2FE2E99D917}.Debug|Mixed Platforms.Build.0 = Debug|x86
		{12B3BBE4-1D35-41F7-8FDC-D2FE2E99D917}.Debug|x86.ActiveCfg = Debug|x86
		{12B3BBE4-1D35-41F7-8FDC-D2FE2E99D917}.Debug|x86.Build.0 = Debug|x86
		{12B3BBE4-1D35-41F7-8FDC-D2FE2E99D917}.Release|Any CPU.ActiveCfg = Release|x86
		{12B3BBE4-1D35-41F7-8FDC-D2FE2E99D917}.Release|Mixed Platforms.ActiveCfg = Release|x86
		{12B3BBE4-1D35-41F7-8FDC-D2FE2E99D917}.Release|Mixed Platforms.Build.0 = Release|x86
		{12B3BBE4-1D35-41F7-8FDC-D2FE2E99D917}.Release|x86.ActiveCfg = Release|x86
		{12B3BBE4-1D35-41F7-8FDC-D2FE2E99D917}.Release|x86.Build.0 = Release|x86
	EndGlobalSection
	GlobalSection(SolutionProperties) = preSolution
		HideSolutionNode = FALSE
	EndGlobalSection
	GlobalSection(ExtensibilityGlobals) = postSolution
		SolutionGuid = {6C9D441D-47BC-4261-A55F-2A99813227B5}
	EndGlobalSection
	GlobalSection(Performance) = preSolution
		HasPerformanceSessions = true
	EndGlobalSection
EndGlobal
