
Microsoft Visual Studio Solution File, Format Version 12.00
# Visual Studio Version 16
VisualStudioVersion = 16.0.29613.14
MinimumVisualStudioVersion = 10.0.40219.1
Project("{E24C65DC-7377-472B-9ABA-BC803B73C61A}") = "App_IndukDemoV1", ".", "{62FC1050-0DF0-4F60-9BDF-75B97F59CCA9}"
	ProjectSection(WebsiteProperties) = preProject
		TargetFrameworkMoniker = ".NETFramework,Version%3Dv4.0"
		Debug.AspNetCompiler.VirtualPath = "/localhost_5300"
		Debug.AspNetCompiler.PhysicalPath = "D:\Myerpplus\App_IndukDemoV1\"
		Debug.AspNetCompiler.TargetPath = "PrecompiledWeb\localhost_5300\"
		Debug.AspNetCompiler.Updateable = "true"
		Debug.AspNetCompiler.ForceOverwrite = "true"
		Debug.AspNetCompiler.FixedNames = "false"
		Debug.AspNetCompiler.Debug = "True"
		Release.AspNetCompiler.VirtualPath = "/localhost_5300"
		Release.AspNetCompiler.PhysicalPath = "D:\Myerpplus\App_IndukDemoV1\"
		Release.AspNetCompiler.TargetPath = "PrecompiledWeb\localhost_5300\"
		Release.AspNetCompiler.Updateable = "true"
		Release.AspNetCompiler.ForceOverwrite = "true"
		Release.AspNetCompiler.FixedNames = "false"
		Release.AspNetCompiler.Debug = "False"
		VWDPort = "5300"
	EndProjectSection
EndProject
Global
	GlobalSection(SolutionConfigurationPlatforms) = preSolution
		Debug|Any CPU = Debug|Any CPU
	EndGlobalSection
	GlobalSection(ProjectConfigurationPlatforms) = postSolution
		{62FC1050-0DF0-4F60-9BDF-75B97F59CCA9}.Debug|Any CPU.ActiveCfg = Debug|Any CPU
		{62FC1050-0DF0-4F60-9BDF-75B97F59CCA9}.Debug|Any CPU.Build.0 = Debug|Any CPU
	EndGlobalSection
	GlobalSection(SolutionProperties) = preSolution
		HideSolutionNode = FALSE
	EndGlobalSection
	GlobalSection(ExtensibilityGlobals) = postSolution
		SolutionGuid = {7F4503F0-6C67-4B1D-82BE-C31950656193}
	EndGlobalSection
EndGlobal
